
Microsoft Visual Studio Solution File, Format Version 12.00
# Visual Studio Version 16
VisualStudioVersion = 16.0.31729.503
MinimumVisualStudioVersion = 10.0.40219.1
Project("{FAE04EC0-301F-11D3-BF4B-00C04F79EFBC}") = "Занятие15WpfApp1", "Занятие15WpfApp1\Занятие15WpfApp1.csproj", "{60FCB868-D8F5-4AEE-8665-7029E944B633}"
EndProject
Global
	GlobalSection(SolutionConfigurationPlatforms) = preSolution
		Debug|Any CPU = Debug|Any CPU
		Release|Any CPU = Release|Any CPU
	EndGlobalSection
	GlobalSection(ProjectConfigurationPlatforms) = postSolution
		{60FCB868-D8F5-4AEE-8665-7029E944B633}.Debug|Any CPU.ActiveCfg = Debug|Any CPU
		{60FCB868-D8F5-4AEE-8665-7029E944B633}.Debug|Any CPU.Build.0 = Debug|Any CPU
		{60FCB868-D8F5-4AEE-8665-7029E944B633}.Release|Any CPU.ActiveCfg = Release|Any CPU
		{60FCB868-D8F5-4AEE-8665-7029E944B633}.Release|Any CPU.Build.0 = Release|Any CPU
	EndGlobalSection
	GlobalSection(SolutionProperties) = preSolution
		HideSolutionNode = FALSE
	EndGlobalSection
	GlobalSection(ExtensibilityGlobals) = postSolution
		SolutionGuid = {66D3CA74-C489-44DA-90EB-A3330385BCD6}
	EndGlobalSection
EndGlobal
